PODS:
  - Alamofire (5.6.4)
  - IQKeyboardManagerSwift (6.5.11)
  - ObjectMapper (4.2.0)
  - TextFieldEffects (1.6.0)

DEPENDENCIES:
  - Alamofire
  - IQKeyboardManagerSwift
  - ObjectMapper
  - TextFieldEffects

SPEC REPOS:
  trunk:
    - Alamofire
    - IQKeyboardManagerSwift
    - ObjectMapper
    - TextFieldEffects

SPEC CHECKSUMS:
  Alamofire: 4e95d97098eacb88856099c4fc79b526a299e48c
  IQKeyboardManagerSwift: c7955c0bdbf7b2eb29bb7daaa44e3d90f55a9a85
  ObjectMapper: 1eb41f610210777375fa806bf161dc39fb832b81
  TextFieldEffects: 529b8aff706fb40f82c41c780c0777941a893796

PODFILE CHECKSUM: 71d450b937a01e2237460773031dc272f8205e18

COCOAPODS: 1.12.0
